
Microsoft Visual Studio Solution File, Format Version 12.00
# Visual Studio Version 16
VisualStudioVersion = 16.0.30204.135
MinimumVisualStudioVersion = 10.0.40219.1
Project("{FAE04EC0-301F-11D3-BF4B-00C04F79EFBC}") = "Calculator", "FrmCalculator\Calculator.csproj", "{EF88AA1D-83AB-4390-9828-027281714C65}"
EndProject
Global
	GlobalSection(SolutionConfigurationPlatforms) = preSolution
		Debug|Any CPU = Debug|Any CPU
		Release|Any CPU = Release|Any CPU
	EndGlobalSection
	GlobalSection(ProjectConfigurationPlatforms) = postSolution
		{EF88AA1D-83AB-4390-9828-027281714C65}.Debug|Any CPU.ActiveCfg = Debug|Any CPU
		{EF88AA1D-83AB-4390-9828-027281714C65}.Debug|Any CPU.Build.0 = Debug|Any CPU
		{EF88AA1D-83AB-4390-9828-027281714C65}.Release|Any CPU.ActiveCfg = Release|Any CPU
		{EF88AA1D-83AB-4390-9828-027281714C65}.Release|Any CPU.Build.0 = Release|Any CPU
	EndGlobalSection
	GlobalSection(SolutionProperties) = preSolution
		HideSolutionNode = FALSE
	EndGlobalSection
	GlobalSection(ExtensibilityGlobals) = postSolution
		SolutionGuid = {05E58009-C587-4953-A6D0-DA589FDFAA42}
	EndGlobalSection
EndGlobal
